
Microsoft Visual Studio Solution File, Format Version 12.00
# Visual Studio Version 17
VisualStudioVersion = 17.6.33723.286
MinimumVisualStudioVersion = 10.0.40219.1
Project("{FAE04EC0-301F-11D3-BF4B-00C04F79EFBC}") = "PassoDocumento", "PassoDocumento\PassoDocumento.csproj", "{309295CB-C72D-47AF-8C78-5CA0178B4D79}"
EndProject
Global
	GlobalSection(SolutionConfigurationPlatforms) = preSolution
		Debug|Any CPU = Debug|Any CPU
		Release|Any CPU = Release|Any CPU
	EndGlobalSection
	GlobalSection(ProjectConfigurationPlatforms) = postSolution
		{309295CB-C72D-47AF-8C78-5CA0178B4D79}.Debug|Any CPU.ActiveCfg = Debug|Any CPU
		{309295CB-C72D-47AF-8C78-5CA0178B4D79}.Debug|Any CPU.Build.0 = Debug|Any CPU
		{309295CB-C72D-47AF-8C78-5CA0178B4D79}.Release|Any CPU.ActiveCfg = Release|Any CPU
		{309295CB-C72D-47AF-8C78-5CA0178B4D79}.Release|Any CPU.Build.0 = Release|Any CPU
	EndGlobalSection
	GlobalSection(SolutionProperties) = preSolution
		HideSolutionNode = FALSE
	EndGlobalSection
	GlobalSection(ExtensibilityGlobals) = postSolution
		SolutionGuid = {5D0CCDC1-DABC-40E5-871E-091753DB4565}
	EndGlobalSection
EndGlobal
