
Microsoft Visual Studio Solution File, Format Version 12.00
# Visual Studio Version 17
VisualStudioVersion = 17.6.33723.286
MinimumVisualStudioVersion = 10.0.40219.1
Project("{9A19103F-16F7-4668-BE54-9A1E7A4F7556}") = "ConsoleApp1", "ConsoleApp1\ConsoleApp1.csproj", "{C506B85A-F4DF-482C-AAC6-67CEC5B83B4A}"
EndProject
Project("{E24C65DC-7377-472B-9ABA-BC803B73C61A}") = "site-html", "site-html\", "{6156C76D-C256-4418-99EA-AFBCCC2A3076}"
	ProjectSection(WebsiteProperties) = preProject
		TargetFrameworkMoniker = ".NETFramework,Version%3Dv4.8"
		Debug.AspNetCompiler.VirtualPath = "/localhost_54219"
		Debug.AspNetCompiler.PhysicalPath = "site-html\"
		Debug.AspNetCompiler.TargetPath = "PrecompiledWeb\localhost_54219\"
		Debug.AspNetCompiler.Updateable = "true"
		Debug.AspNetCompiler.ForceOverwrite = "true"
		Debug.AspNetCompiler.FixedNames = "false"
		Debug.AspNetCompiler.Debug = "True"
		Release.AspNetCompiler.VirtualPath = "/localhost_54219"
		Release.AspNetCompiler.PhysicalPath = "site-html\"
		Release.AspNetCompiler.TargetPath = "PrecompiledWeb\localhost_54219\"
		Release.AspNetCompiler.Updateable = "true"
		Release.AspNetCompiler.ForceOverwrite = "true"
		Release.AspNetCompiler.FixedNames = "false"
		Release.AspNetCompiler.Debug = "False"
		VWDPort = "54219"
		SlnRelativePath = "site-html\"
	EndProjectSection
EndProject
Project("{9A19103F-16F7-4668-BE54-9A1E7A4F7556}") = "Testes", "Testes\Testes.csproj", "{933EEAAF-BCFE-480E-ACE3-C752BF7C9627}"
EndProject
Project("{FAE04EC0-301F-11D3-BF4B-00C04F79EFBC}") = "ControleHorasExtras.BlazorApp", "ControleHorasExtras.BlazorApp\ControleHorasExtras.BlazorApp.csproj", "{447CA5B6-1AA1-4849-95FA-E29E01F14C28}"
EndProject
Global
	GlobalSection(SolutionConfigurationPlatforms) = preSolution
		Debug|Any CPU = Debug|Any CPU
		Release|Any CPU = Release|Any CPU
	EndGlobalSection
	GlobalSection(ProjectConfigurationPlatforms) = postSolution
		{C506B85A-F4DF-482C-AAC6-67CEC5B83B4A}.Debug|Any CPU.ActiveCfg = Debug|Any CPU
		{C506B85A-F4DF-482C-AAC6-67CEC5B83B4A}.Debug|Any CPU.Build.0 = Debug|Any CPU
		{C506B85A-F4DF-482C-AAC6-67CEC5B83B4A}.Release|Any CPU.ActiveCfg = Release|Any CPU
		{C506B85A-F4DF-482C-AAC6-67CEC5B83B4A}.Release|Any CPU.Build.0 = Release|Any CPU
		{6156C76D-C256-4418-99EA-AFBCCC2A3076}.Debug|Any CPU.ActiveCfg = Debug|Any CPU
		{6156C76D-C256-4418-99EA-AFBCCC2A3076}.Debug|Any CPU.Build.0 = Debug|Any CPU
		{6156C76D-C256-4418-99EA-AFBCCC2A3076}.Release|Any CPU.ActiveCfg = Debug|Any CPU
		{6156C76D-C256-4418-99EA-AFBCCC2A3076}.Release|Any CPU.Build.0 = Debug|Any CPU
		{933EEAAF-BCFE-480E-ACE3-C752BF7C9627}.Debug|Any CPU.ActiveCfg = Debug|Any CPU
		{933EEAAF-BCFE-480E-ACE3-C752BF7C9627}.Debug|Any CPU.Build.0 = Debug|Any CPU
		{933EEAAF-BCFE-480E-ACE3-C752BF7C9627}.Release|Any CPU.ActiveCfg = Release|Any CPU
		{933EEAAF-BCFE-480E-ACE3-C752BF7C9627}.Release|Any CPU.Build.0 = Release|Any CPU
		{447CA5B6-1AA1-4849-95FA-E29E01F14C28}.Debug|Any CPU.ActiveCfg = Debug|Any CPU
		{447CA5B6-1AA1-4849-95FA-E29E01F14C28}.Debug|Any CPU.Build.0 = Debug|Any CPU
		{447CA5B6-1AA1-4849-95FA-E29E01F14C28}.Release|Any CPU.ActiveCfg = Release|Any CPU
		{447CA5B6-1AA1-4849-95FA-E29E01F14C28}.Release|Any CPU.Build.0 = Release|Any CPU
	EndGlobalSection
	GlobalSection(SolutionProperties) = preSolution
		HideSolutionNode = FALSE
	EndGlobalSection
	GlobalSection(ExtensibilityGlobals) = postSolution
		SolutionGuid = {1496E3CA-B28C-4A3E-BA48-2240E7285799}
	EndGlobalSection
EndGlobal
